
Microsoft Visual Studio Solution File, Format Version 12.00
# Visual Studio Version 17
VisualStudioVersion = 17.8.34322.80
MinimumVisualStudioVersion = 10.0.40219.1
Project("{FAE04EC0-301F-11D3-BF4B-00C04F79EFBC}") = "MuhasabeProgramı", "MuhasabeProgramı\MuhasabeProgramı.csproj", "{0445D910-AD2E-46F8-92C6-65F3E35597E6}"
EndProject
Project("{FAE04EC0-301F-11D3-BF4B-00C04F79EFBC}") = "Core", "Core\Core.csproj", "{58FDFD7F-A7E8-44E9-B26F-ABE85E5DFFEA}"
EndProject
Project("{FAE04EC0-301F-11D3-BF4B-00C04F79EFBC}") = "Business", "Business\Business.csproj", "{3FA4A431-034C-449B-A270-C0DE66A441ED}"
EndProject
Project("{FAE04EC0-301F-11D3-BF4B-00C04F79EFBC}") = "Entities", "Entities\Entities.csproj", "{92452964-F365-4FF5-B1A8-CB97D0EADD29}"
EndProject
Project("{FAE04EC0-301F-11D3-BF4B-00C04F79EFBC}") = "DataAccess", "DataAccess\DataAccess.csproj", "{0A28201F-568F-465B-8953-B140B610A755}"
EndProject
Global
	GlobalSection(SolutionConfigurationPlatforms) = preSolution
		Debug|Any CPU = Debug|Any CPU
		Release|Any CPU = Release|Any CPU
	EndGlobalSection
	GlobalSection(ProjectConfigurationPlatforms) = postSolution
		{0445D910-AD2E-46F8-92C6-65F3E35597E6}.Debug|Any CPU.ActiveCfg = Debug|Any CPU
		{0445D910-AD2E-46F8-92C6-65F3E35597E6}.Debug|Any CPU.Build.0 = Debug|Any CPU
		{0445D910-AD2E-46F8-92C6-65F3E35597E6}.Release|Any CPU.ActiveCfg = Release|Any CPU
		{0445D910-AD2E-46F8-92C6-65F3E35597E6}.Release|Any CPU.Build.0 = Release|Any CPU
		{58FDFD7F-A7E8-44E9-B26F-ABE85E5DFFEA}.Debug|Any CPU.ActiveCfg = Debug|Any CPU
		{58FDFD7F-A7E8-44E9-B26F-ABE85E5DFFEA}.Debug|Any CPU.Build.0 = Debug|Any CPU
		{58FDFD7F-A7E8-44E9-B26F-ABE85E5DFFEA}.Release|Any CPU.ActiveCfg = Release|Any CPU
		{58FDFD7F-A7E8-44E9-B26F-ABE85E5DFFEA}.Release|Any CPU.Build.0 = Release|Any CPU
		{3FA4A431-034C-449B-A270-C0DE66A441ED}.Debug|Any CPU.ActiveCfg = Debug|Any CPU
		{3FA4A431-034C-449B-A270-C0DE66A441ED}.Debug|Any CPU.Build.0 = Debug|Any CPU
		{3FA4A431-034C-449B-A270-C0DE66A441ED}.Release|Any CPU.ActiveCfg = Release|Any CPU
		{3FA4A431-034C-449B-A270-C0DE66A441ED}.Release|Any CPU.Build.0 = Release|Any CPU
		{92452964-F365-4FF5-B1A8-CB97D0EADD29}.Debug|Any CPU.ActiveCfg = Debug|Any CPU
		{92452964-F365-4FF5-B1A8-CB97D0EADD29}.Debug|Any CPU.Build.0 = Debug|Any CPU
		{92452964-F365-4FF5-B1A8-CB97D0EADD29}.Release|Any CPU.ActiveCfg = Release|Any CPU
		{92452964-F365-4FF5-B1A8-CB97D0EADD29}.Release|Any CPU.Build.0 = Release|Any CPU
		{0A28201F-568F-465B-8953-B140B610A755}.Debug|Any CPU.ActiveCfg = Debug|Any CPU
		{0A28201F-568F-465B-8953-B140B610A755}.Debug|Any CPU.Build.0 = Debug|Any CPU
		{0A28201F-568F-465B-8953-B140B610A755}.Release|Any CPU.ActiveCfg = Release|Any CPU
		{0A28201F-568F-465B-8953-B140B610A755}.Release|Any CPU.Build.0 = Release|Any CPU
	EndGlobalSection
	GlobalSection(SolutionProperties) = preSolution
		HideSolutionNode = FALSE
	EndGlobalSection
	GlobalSection(ExtensibilityGlobals) = postSolution
		SolutionGuid = {01DCF61E-56B8-4C2D-9FE2-6107CFCE7519}
	EndGlobalSection
EndGlobal
